
Microsoft Visual Studio Solution File, Format Version 12.00
# Visual Studio Version 17
VisualStudioVersion = 17.5.33627.172
MinimumVisualStudioVersion = 10.0.40219.1
Project("{FAE04EC0-301F-11D3-BF4B-00C04F79EFBC}") = "CrudApp", "CrudApp\CrudApp.csproj", "{A13953BC-ACF8-439A-B16E-5DAF68E2A051}"
EndProject
Global
	GlobalSection(SolutionConfigurationPlatforms) = preSolution
		Debug|Any CPU = Debug|Any CPU
		Release|Any CPU = Release|Any CPU
	EndGlobalSection
	GlobalSection(ProjectConfigurationPlatforms) = postSolution
		{A13953BC-ACF8-439A-B16E-5DAF68E2A051}.Debug|Any CPU.ActiveCfg = Debug|Any CPU
		{A13953BC-ACF8-439A-B16E-5DAF68E2A051}.Debug|Any CPU.Build.0 = Debug|Any CPU
		{A13953BC-ACF8-439A-B16E-5DAF68E2A051}.Release|Any CPU.ActiveCfg = Release|Any CPU
		{A13953BC-ACF8-439A-B16E-5DAF68E2A051}.Release|Any CPU.Build.0 = Release|Any CPU
	EndGlobalSection
	GlobalSection(SolutionProperties) = preSolution
		HideSolutionNode = FALSE
	EndGlobalSection
	GlobalSection(ExtensibilityGlobals) = postSolution
		SolutionGuid = {786B662D-1D8D-4F2B-A74C-0426624A175B}
	EndGlobalSection
EndGlobal
